
Microsoft Visual Studio Solution File, Format Version 12.00
# Visual Studio Version 17
VisualStudioVersion = 17.14.36109.1
MinimumVisualStudioVersion = 10.0.40219.1
Project("{FAE04EC0-301F-11D3-BF4B-00C04F79EFBC}") = "MiniHttpJob.Worker", "MiniHttpJob.Worker\MiniHttpJob.Worker.csproj", "{35775F58-E155-41BC-9720-2E090A81AD5E}"
EndProject
Project("{FAE04EC0-301F-11D3-BF4B-00C04F79EFBC}") = "MiniHttpJob.Admin", "MiniHttpJob.Admin\MiniHttpJob.Admin.csproj", "{B469DC02-55CC-475D-87BE-2CF72F8006EF}"
EndProject
Project("{FAE04EC0-301F-11D3-BF4B-00C04F79EFBC}") = "MiniHttpJob.Tests", "MiniHttpJob.Tests\MiniHttpJob.Tests.csproj", "{B395FA06-2AB6-4454-9087-A146234870EA}"
EndProject
Project("{FAE04EC0-301F-11D3-BF4B-00C04F79EFBC}") = "MiniHttpJob.Shared", "MiniHttpJob.Shared\MiniHttpJob.Shared.csproj", "{0F2F884C-30A7-94C1-7591-4860ADD066EB}"
EndProject
Global
	GlobalSection(SolutionConfigurationPlatforms) = preSolution
		Debug|Any CPU = Debug|Any CPU
		Debug|x64 = Debug|x64
		Debug|x86 = Debug|x86
		Release|Any CPU = Release|Any CPU
		Release|x64 = Release|x64
		Release|x86 = Release|x86
	EndGlobalSection
	GlobalSection(ProjectConfigurationPlatforms) = postSolution
		{35775F58-E155-41BC-9720-2E090A81AD5E}.Debug|Any CPU.ActiveCfg = Debug|Any CPU
		{35775F58-E155-41BC-9720-2E090A81AD5E}.Debug|Any CPU.Build.0 = Debug|Any CPU
		{35775F58-E155-41BC-9720-2E090A81AD5E}.Debug|x64.ActiveCfg = Debug|Any CPU
		{35775F58-E155-41BC-9720-2E090A81AD5E}.Debug|x64.Build.0 = Debug|Any CPU
		{35775F58-E155-41BC-9720-2E090A81AD5E}.Debug|x86.ActiveCfg = Debug|Any CPU
		{35775F58-E155-41BC-9720-2E090A81AD5E}.Debug|x86.Build.0 = Debug|Any CPU
		{35775F58-E155-41BC-9720-2E090A81AD5E}.Release|Any CPU.ActiveCfg = Release|Any CPU
		{35775F58-E155-41BC-9720-2E090A81AD5E}.Release|Any CPU.Build.0 = Release|Any CPU
		{35775F58-E155-41BC-9720-2E090A81AD5E}.Release|x64.ActiveCfg = Release|Any CPU
		{35775F58-E155-41BC-9720-2E090A81AD5E}.Release|x64.Build.0 = Release|Any CPU
		{35775F58-E155-41BC-9720-2E090A81AD5E}.Release|x86.ActiveCfg = Release|Any CPU
		{35775F58-E155-41BC-9720-2E090A81AD5E}.Release|x86.Build.0 = Release|Any CPU
		{B469DC02-55CC-475D-87BE-2CF72F8006EF}.Debug|Any CPU.ActiveCfg = Debug|Any CPU
		{B469DC02-55CC-475D-87BE-2CF72F8006EF}.Debug|Any CPU.Build.0 = Debug|Any CPU
		{B469DC02-55CC-475D-87BE-2CF72F8006EF}.Debug|x64.ActiveCfg = Debug|Any CPU
		{B469DC02-55CC-475D-87BE-2CF72F8006EF}.Debug|x64.Build.0 = Debug|Any CPU
		{B469DC02-55CC-475D-87BE-2CF72F8006EF}.Debug|x86.ActiveCfg = Debug|Any CPU
		{B469DC02-55CC-475D-87BE-2CF72F8006EF}.Debug|x86.Build.0 = Debug|Any CPU
		{B469DC02-55CC-475D-87BE-2CF72F8006EF}.Release|Any CPU.ActiveCfg = Release|Any CPU
		{B469DC02-55CC-475D-87BE-2CF72F8006EF}.Release|Any CPU.Build.0 = Release|Any CPU
		{B469DC02-55CC-475D-87BE-2CF72F8006EF}.Release|x64.ActiveCfg = Release|Any CPU
		{B469DC02-55CC-475D-87BE-2CF72F8006EF}.Release|x64.Build.0 = Release|Any CPU
		{B469DC02-55CC-475D-87BE-2CF72F8006EF}.Release|x86.ActiveCfg = Release|Any CPU
		{B469DC02-55CC-475D-87BE-2CF72F8006EF}.Release|x86.Build.0 = Release|Any CPU
		{B395FA06-2AB6-4454-9087-A146234870EA}.Debug|Any CPU.ActiveCfg = Debug|Any CPU
		{B395FA06-2AB6-4454-9087-A146234870EA}.Debug|Any CPU.Build.0 = Debug|Any CPU
		{B395FA06-2AB6-4454-9087-A146234870EA}.Debug|x64.ActiveCfg = Debug|Any CPU
		{B395FA06-2AB6-4454-9087-A146234870EA}.Debug|x64.Build.0 = Debug|Any CPU
		{B395FA06-2AB6-4454-9087-A146234870EA}.Debug|x86.ActiveCfg = Debug|Any CPU
		{B395FA06-2AB6-4454-9087-A146234870EA}.Debug|x86.Build.0 = Debug|Any CPU
		{B395FA06-2AB6-4454-9087-A146234870EA}.Release|Any CPU.ActiveCfg = Release|Any CPU
		{B395FA06-2AB6-4454-9087-A146234870EA}.Release|Any CPU.Build.0 = Release|Any CPU
		{B395FA06-2AB6-4454-9087-A146234870EA}.Release|x64.ActiveCfg = Release|Any CPU
		{B395FA06-2AB6-4454-9087-A146234870EA}.Release|x64.Build.0 = Release|Any CPU
		{B395FA06-2AB6-4454-9087-A146234870EA}.Release|x86.ActiveCfg = Release|Any CPU
		{B395FA06-2AB6-4454-9087-A146234870EA}.Release|x86.Build.0 = Release|Any CPU
		{0F2F884C-30A7-94C1-7591-4860ADD066EB}.Debug|Any CPU.ActiveCfg = Debug|Any CPU
		{0F2F884C-30A7-94C1-7591-4860ADD066EB}.Debug|Any CPU.Build.0 = Debug|Any CPU
		{0F2F884C-30A7-94C1-7591-4860ADD066EB}.Debug|x64.ActiveCfg = Debug|Any CPU
		{0F2F884C-30A7-94C1-7591-4860ADD066EB}.Debug|x64.Build.0 = Debug|Any CPU
		{0F2F884C-30A7-94C1-7591-4860ADD066EB}.Debug|x86.ActiveCfg = Debug|Any CPU
		{0F2F884C-30A7-94C1-7591-4860ADD066EB}.Debug|x86.Build.0 = Debug|Any CPU
		{0F2F884C-30A7-94C1-7591-4860ADD066EB}.Release|Any CPU.ActiveCfg = Release|Any CPU
		{0F2F884C-30A7-94C1-7591-4860ADD066EB}.Release|Any CPU.Build.0 = Release|Any CPU
		{0F2F884C-30A7-94C1-7591-4860ADD066EB}.Release|x64.ActiveCfg = Release|Any CPU
		{0F2F884C-30A7-94C1-7591-4860ADD066EB}.Release|x64.Build.0 = Release|Any CPU
		{0F2F884C-30A7-94C1-7591-4860ADD066EB}.Release|x86.ActiveCfg = Release|Any CPU
		{0F2F884C-30A7-94C1-7591-4860ADD066EB}.Release|x86.Build.0 = Release|Any CPU
	EndGlobalSection
	GlobalSection(SolutionProperties) = preSolution
		HideSolutionNode = FALSE
	EndGlobalSection
	GlobalSection(ExtensibilityGlobals) = postSolution
		SolutionGuid = {16F537D7-20E3-4F62-A8D7-4309F1C3FECE}
	EndGlobalSection
EndGlobal
